
Microsoft Visual Studio Solution File, Format Version 12.00
# Visual Studio Version 16
VisualStudioVersion = 16.0.30406.217
MinimumVisualStudioVersion = 10.0.40219.1
Project("{9A19103F-16F7-4668-BE54-9A1E7A4F7556}") = "Liscov", "Liscov\Liscov.csproj", "{A0685C43-6942-4FF1-A6C0-17FD4B1E157C}"
EndProject
Project("{9A19103F-16F7-4668-BE54-9A1E7A4F7556}") = "Factory", "Factory\Factory.csproj", "{255685C7-9E77-4657-8E4A-B5FC6D361031}"
EndProject
Project("{9A19103F-16F7-4668-BE54-9A1E7A4F7556}") = "Decorator", "Decorator\Decorator.csproj", "{45E244E6-4AFF-46A5-AB2D-91E6FB2817C8}"
EndProject
Project("{FAE04EC0-301F-11D3-BF4B-00C04F79EFBC}") = "Sealed", "Sealed\Sealed.csproj", "{E4E4DF09-5A3F-4ABF-8327-912876DACA53}"
EndProject
Project("{FAE04EC0-301F-11D3-BF4B-00C04F79EFBC}") = "CanNotCreateObject", "CanNotCreateObject\CanNotCreateObject.csproj", "{0DE817F9-9244-4306-AE18-4F8D43DEC54B}"
EndProject
Global
	GlobalSection(SolutionConfigurationPlatforms) = preSolution
		Debug|Any CPU = Debug|Any CPU
		Release|Any CPU = Release|Any CPU
	EndGlobalSection
	GlobalSection(ProjectConfigurationPlatforms) = postSolution
		{A0685C43-6942-4FF1-A6C0-17FD4B1E157C}.Debug|Any CPU.ActiveCfg = Debug|Any CPU
		{A0685C43-6942-4FF1-A6C0-17FD4B1E157C}.Debug|Any CPU.Build.0 = Debug|Any CPU
		{A0685C43-6942-4FF1-A6C0-17FD4B1E157C}.Release|Any CPU.ActiveCfg = Release|Any CPU
		{A0685C43-6942-4FF1-A6C0-17FD4B1E157C}.Release|Any CPU.Build.0 = Release|Any CPU
		{255685C7-9E77-4657-8E4A-B5FC6D361031}.Debug|Any CPU.ActiveCfg = Debug|Any CPU
		{255685C7-9E77-4657-8E4A-B5FC6D361031}.Debug|Any CPU.Build.0 = Debug|Any CPU
		{255685C7-9E77-4657-8E4A-B5FC6D361031}.Release|Any CPU.ActiveCfg = Release|Any CPU
		{255685C7-9E77-4657-8E4A-B5FC6D361031}.Release|Any CPU.Build.0 = Release|Any CPU
		{45E244E6-4AFF-46A5-AB2D-91E6FB2817C8}.Debug|Any CPU.ActiveCfg = Debug|Any CPU
		{45E244E6-4AFF-46A5-AB2D-91E6FB2817C8}.Debug|Any CPU.Build.0 = Debug|Any CPU
		{45E244E6-4AFF-46A5-AB2D-91E6FB2817C8}.Release|Any CPU.ActiveCfg = Release|Any CPU
		{45E244E6-4AFF-46A5-AB2D-91E6FB2817C8}.Release|Any CPU.Build.0 = Release|Any CPU
		{E4E4DF09-5A3F-4ABF-8327-912876DACA53}.Debug|Any CPU.ActiveCfg = Debug|Any CPU
		{E4E4DF09-5A3F-4ABF-8327-912876DACA53}.Debug|Any CPU.Build.0 = Debug|Any CPU
		{E4E4DF09-5A3F-4ABF-8327-912876DACA53}.Release|Any CPU.ActiveCfg = Release|Any CPU
		{E4E4DF09-5A3F-4ABF-8327-912876DACA53}.Release|Any CPU.Build.0 = Release|Any CPU
		{0DE817F9-9244-4306-AE18-4F8D43DEC54B}.Debug|Any CPU.ActiveCfg = Debug|Any CPU
		{0DE817F9-9244-4306-AE18-4F8D43DEC54B}.Debug|Any CPU.Build.0 = Debug|Any CPU
		{0DE817F9-9244-4306-AE18-4F8D43DEC54B}.Release|Any CPU.ActiveCfg = Release|Any CPU
		{0DE817F9-9244-4306-AE18-4F8D43DEC54B}.Release|Any CPU.Build.0 = Release|Any CPU
	EndGlobalSection
	GlobalSection(SolutionProperties) = preSolution
		HideSolutionNode = FALSE
	EndGlobalSection
	GlobalSection(ExtensibilityGlobals) = postSolution
		SolutionGuid = {31C0B15E-BD06-4732-8D3E-82459B6F9559}
	EndGlobalSection
EndGlobal
